
Microsoft Visual Studio Solution File, Format Version 12.00
# Visual Studio 2012
Project("{8BC9CEB8-8B4A-11D0-8D11-00A0C91BC942}") = "快慢指针", "快慢指针\快慢指针.vcxproj", "{ED911C33-4D2A-4C80-98A2-F051E9720394}"
EndProject
Global
	GlobalSection(SolutionConfigurationPlatforms) = preSolution
		Debug|Win32 = Debug|Win32
		Release|Win32 = Release|Win32
	EndGlobalSection
	GlobalSection(ProjectConfigurationPlatforms) = postSolution
		{ED911C33-4D2A-4C80-98A2-F051E9720394}.Debug|Win32.ActiveCfg = Debug|Win32
		{ED911C33-4D2A-4C80-98A2-F051E9720394}.Debug|Win32.Build.0 = Debug|Win32
		{ED911C33-4D2A-4C80-98A2-F051E9720394}.Release|Win32.ActiveCfg = Release|Win32
		{ED911C33-4D2A-4C80-98A2-F051E9720394}.Release|Win32.Build.0 = Release|Win32
	EndGlobalSection
	GlobalSection(SolutionProperties) = preSolution
		HideSolutionNode = FALSE
	EndGlobalSection
EndGlobal
